
Microsoft Visual Studio Solution File, Format Version 12.00
# Visual Studio Version 16
VisualStudioVersion = 16.0.30804.86
MinimumVisualStudioVersion = 10.0.40219.1
Project("{FAE04EC0-301F-11D3-BF4B-00C04F79EFBC}") = "ReactSelectNumbers", "ReactSelectNumbers\ReactSelectNumbers.csproj", "{EA92F0B4-9399-4F17-BFF2-79490E7F5876}"
EndProject
Global
	GlobalSection(SolutionConfigurationPlatforms) = preSolution
		Debug|Any CPU = Debug|Any CPU
		Release|Any CPU = Release|Any CPU
	EndGlobalSection
	GlobalSection(ProjectConfigurationPlatforms) = postSolution
		{EA92F0B4-9399-4F17-BFF2-79490E7F5876}.Debug|Any CPU.ActiveCfg = Debug|Any CPU
		{EA92F0B4-9399-4F17-BFF2-79490E7F5876}.Debug|Any CPU.Build.0 = Debug|Any CPU
		{EA92F0B4-9399-4F17-BFF2-79490E7F5876}.Release|Any CPU.ActiveCfg = Release|Any CPU
		{EA92F0B4-9399-4F17-BFF2-79490E7F5876}.Release|Any CPU.Build.0 = Release|Any CPU
	EndGlobalSection
	GlobalSection(SolutionProperties) = preSolution
		HideSolutionNode = FALSE
	EndGlobalSection
	GlobalSection(ExtensibilityGlobals) = postSolution
		SolutionGuid = {CCFBA007-9281-49D7-ABCA-B42E61D250E4}
	EndGlobalSection
EndGlobal
